// !$*UTF8*$!
{
	archiveVersion = 1;
	classes = {
	};
	objectVersion = 77;
	objects = {

/* Begin PBXBuildFile section */
		AEA5A3CB2DEF8770007F90C3 /* ORSSerial in Frameworks */ = {isa = PBXBuildFile; productRef = AEA5A3CA2DEF8770007F90C3 /* ORSSerial */; };
		AEC683F42DEFD65500A36980 /* broser.framework in Frameworks */ = {isa = PBXBuildFile; fileRef = AEC683EB2DEFD65500A36980 /* broser.framework */; };
/* End PBXBuildFile section */

/* Begin PBXContainerItemProxy section */
		AE535CF72DEDAF63006059C2 /* PBXContainerItemProxy */ = {
			isa = PBXContainerItemProxy;
			containerPortal = AE535C7B2DEDADBC006059C2 /* Project object */;
			proxyType = 1;
			remoteGlobalIDString = AE535CEA2DEDAF63006059C2;
			remoteInfo = broser_core;
		};
		AEC683F52DEFD65500A36980 /* PBXContainerItemProxy */ = {
			isa = PBXContainerItemProxy;
			containerPortal = AE535C7B2DEDADBC006059C2 /* Project object */;
			proxyType = 1;
			remoteGlobalIDString = AEC683EA2DEFD65500A36980;
			remoteInfo = broser;
		};
/* End PBXContainerItemProxy section */

/* Begin PBXFileReference section */
		AEC683EB2DEFD65500A36980 /* broser.framework */ = {isa = PBXFileReference; explicitFileType = wrapper.framework; includeInIndex = 0; path = broser.framework; sourceTree = BUILT_PRODUCTS_DIR; };
		AEC683F32DEFD65500A36980 /* broserTests.xctest */ = {isa = PBXFileReference; explicitFileType = wrapper.cfbundle; includeInIndex = 0; path = broserTests.xctest; sourceTree = BUILT_PRODUCTS_DIR; };
		AEC684012DEFD66800A36980 /* broserTests.xctest */ = {isa = PBXFileReference; explicitFileType = wrapper.cfbundle; includeInIndex = 0; path = broserTests.xctest; sourceTree = BUILT_PRODUCTS_DIR; };
		AEC684022DEFD66800A36980 /* broserUITests.xctest */ = {isa = PBXFileReference; explicitFileType = wrapper.cfbundle; includeInIndex = 0; path = broserUITests.xctest; sourceTree = BUILT_PRODUCTS_DIR; };
		AEC684032DEFD66800A36980 /* broser_core.framework */ = {isa = PBXFileReference; explicitFileType = wrapper.framework; includeInIndex = 0; path = broser_core.framework; sourceTree = BUILT_PRODUCTS_DIR; };
		AEC684042DEFD66800A36980 /* broser_coreTests.xctest */ = {isa = PBXFileReference; explicitFileType = wrapper.cfbundle; includeInIndex = 0; path = broser_coreTests.xctest; sourceTree = BUILT_PRODUCTS_DIR; };
		AEC684052DEFD66800A36980 /* broseriOS.framework */ = {isa = PBXFileReference; explicitFileType = wrapper.framework; includeInIndex = 0; path = broseriOS.framework; sourceTree = BUILT_PRODUCTS_DIR; };
/* End PBXFileReference section */

/* Begin PBXFileSystemSynchronizedBuildFileExceptionSet section */
		AEC684002DEFD66000A36980 /* Exceptions for "broser" folder in "broser" target */ = {
			isa = PBXFileSystemSynchronizedBuildFileExceptionSet;
			membershipExceptions = (
				BLEManager.swift,
				broserApp.swift,
				ContentView.swift,
				README.md,
				uart_core.swift,
			);
			target = AEC683EA2DEFD65500A36980 /* broser */;
		};
/* End PBXFileSystemSynchronizedBuildFileExceptionSet section */

/* Begin PBXFileSystemSynchronizedRootGroup section */
		AE535C942DEDADBF006059C2 /* broserTests */ = {
			isa = PBXFileSystemSynchronizedRootGroup;
			path = broserTests;
			sourceTree = "<group>";
		};
		AE535C9E2DEDADBF006059C2 /* broserUITests */ = {
			isa = PBXFileSystemSynchronizedRootGroup;
			path = broserUITests;
			sourceTree = "<group>";
		};
		AE535CEC2DEDAF63006059C2 /* broser_core */ = {
			isa = PBXFileSystemSynchronizedRootGroup;
			path = broser_core;
			sourceTree = "<group>";
		};
		AE535CFB2DEDAF63006059C2 /* broser_coreTests */ = {
			isa = PBXFileSystemSynchronizedRootGroup;
			path = broser_coreTests;
			sourceTree = "<group>";
		};
		AEA5A3B92DEF815E007F90C3 /* broseriOS */ = {
			isa = PBXFileSystemSynchronizedRootGroup;
			path = broseriOS;
			sourceTree = "<group>";
		};
		AEC683EC2DEFD65500A36980 /* broser */ = {
			isa = PBXFileSystemSynchronizedRootGroup;
			exceptions = (
				AEC684002DEFD66000A36980 /* Exceptions for "broser" folder in "broser" target */,
			);
			path = broser;
			sourceTree = "<group>";
		};
		AEC683F72DEFD65500A36980 /* broserTests */ = {
			isa = PBXFileSystemSynchronizedRootGroup;
			path = broserTests;
			sourceTree = "<group>";
		};
/* End PBXFileSystemSynchronizedRootGroup section */

/* Begin PBXFrameworksBuildPhase section */
		AE535C8E2DEDADBF006059C2 /* Frameworks */ = {
			isa = PBXFrameworksBuildPhase;
			buildActionMask = 2147483647;
			files = (
			);
			runOnlyForDeploymentPostprocessing = 0;
		};
		AE535C982DEDADBF006059C2 /* Frameworks */ = {
			isa = PBXFrameworksBuildPhase;
			buildActionMask = 2147483647;
			files = (
			);
			runOnlyForDeploymentPostprocessing = 0;
		};
		AE535CE82DEDAF63006059C2 /* Frameworks */ = {
			isa = PBXFrameworksBuildPhase;
			buildActionMask = 2147483647;
			files = (
				AEA5A3CB2DEF8770007F90C3 /* ORSSerial in Frameworks */,
			);
			runOnlyForDeploymentPostprocessing = 0;
		};
		AE535CF22DEDAF63006059C2 /* Frameworks */ = {
			isa = PBXFrameworksBuildPhase;
			buildActionMask = 2147483647;
			files = (
			);
			runOnlyForDeploymentPostprocessing = 0;
		};
		AEA5A3B52DEF815E007F90C3 /* Frameworks */ = {
			isa = PBXFrameworksBuildPhase;
			buildActionMask = 2147483647;
			files = (
			);
			runOnlyForDeploymentPostprocessing = 0;
		};
		AEC683E82DEFD65500A36980 /* Frameworks */ = {
			isa = PBXFrameworksBuildPhase;
			buildActionMask = 2147483647;
			files = (
			);
			runOnlyForDeploymentPostprocessing = 0;
		};
		AEC683F02DEFD65500A36980 /* Frameworks */ = {
			isa = PBXFrameworksBuildPhase;
			buildActionMask = 2147483647;
			files = (
				AEC683F42DEFD65500A36980 /* broser.framework in Frameworks */,
			);
			runOnlyForDeploymentPostprocessing = 0;
		};
/* End PBXFrameworksBuildPhase section */

/* Begin PBXGroup section */
		AE535C7A2DEDADBC006059C2 = {
			isa = PBXGroup;
			children = (
				AE535C942DEDADBF006059C2 /* broserTests */,
				AE535C9E2DEDADBF006059C2 /* broserUITests */,
				AE535CEC2DEDAF63006059C2 /* broser_core */,
				AE535CFB2DEDAF63006059C2 /* broser_coreTests */,
				AEA5A3B92DEF815E007F90C3 /* broseriOS */,
				AEC683EC2DEFD65500A36980 /* broser */,
				AEC683F72DEFD65500A36980 /* broserTests */,
				AE535C842DEDADBD006059C2 /* Products */,
			);
			sourceTree = "<group>";
		};
		AE535C842DEDADBD006059C2 /* Products */ = {
			isa = PBXGroup;
			children = (
				AEC683EB2DEFD65500A36980 /* broser.framework */,
				AEC683F32DEFD65500A36980 /* broserTests.xctest */,
				AEC684012DEFD66800A36980 /* broserTests.xctest */,
				AEC684022DEFD66800A36980 /* broserUITests.xctest */,
				AEC684032DEFD66800A36980 /* broser_core.framework */,
				AEC684042DEFD66800A36980 /* broser_coreTests.xctest */,
				AEC684052DEFD66800A36980 /* broseriOS.framework */,
			);
			name = Products;
			sourceTree = "<group>";
		};
/* End PBXGroup section */

/* Begin PBXHeadersBuildPhase section */
		AE535CE62DEDAF63006059C2 /* Headers */ = {
			isa = PBXHeadersBuildPhase;
			buildActionMask = 2147483647;
			files = (
			);
			runOnlyForDeploymentPostprocessing = 0;
		};
		AEA5A3B32DEF815E007F90C3 /* Headers */ = {
			isa = PBXHeadersBuildPhase;
			buildActionMask = 2147483647;
			files = (
			);
			runOnlyForDeploymentPostprocessing = 0;
		};
		AEC683E62DEFD65500A36980 /* Headers */ = {
			isa = PBXHeadersBuildPhase;
			buildActionMask = 2147483647;
			files = (
			);
			runOnlyForDeploymentPostprocessing = 0;
		};
/* End PBXHeadersBuildPhase section */

/* Begin PBXNativeTarget section */
		AE535C902DEDADBF006059C2 /* broserTests */ = {
			isa = PBXNativeTarget;
			buildConfigurationList = AE535CA82DEDADBF006059C2 /* Build configuration list for PBXNativeTarget "broserTests" */;
			buildPhases = (
				AE535C8D2DEDADBF006059C2 /* Sources */,
				AE535C8E2DEDADBF006059C2 /* Frameworks */,
				AE535C8F2DEDADBF006059C2 /* Resources */,
			);
			buildRules = (
			);
			dependencies = (
			);
			fileSystemSynchronizedGroups = (
				AE535C942DEDADBF006059C2 /* broserTests */,
			);
			name = broserTests;
			packageProductDependencies = (
			);
			productName = broserTests;
			productReference = AEC684012DEFD66800A36980 /* broserTests.xctest */;
			productType = "com.apple.product-type.bundle.unit-test";
		};
		AE535C9A2DEDADBF006059C2 /* broserUITests */ = {
			isa = PBXNativeTarget;
			buildConfigurationList = AE535CAB2DEDADBF006059C2 /* Build configuration list for PBXNativeTarget "broserUITests" */;
			buildPhases = (
				AE535C972DEDADBF006059C2 /* Sources */,
				AE535C982DEDADBF006059C2 /* Frameworks */,
				AE535C992DEDADBF006059C2 /* Resources */,
			);
			buildRules = (
			);
			dependencies = (
			);
			fileSystemSynchronizedGroups = (
				AE535C9E2DEDADBF006059C2 /* broserUITests */,
			);
			name = broserUITests;
			packageProductDependencies = (
			);
			productName = broserUITests;
			productReference = AEC684022DEFD66800A36980 /* broserUITests.xctest */;
			productType = "com.apple.product-type.bundle.ui-testing";
		};
		AE535CEA2DEDAF63006059C2 /* broser_core */ = {
			isa = PBXNativeTarget;
			buildConfigurationList = AE535D022DEDAF63006059C2 /* Build configuration list for PBXNativeTarget "broser_core" */;
			buildPhases = (
				AE535CE62DEDAF63006059C2 /* Headers */,
				AE535CE72DEDAF63006059C2 /* Sources */,
				AE535CE82DEDAF63006059C2 /* Frameworks */,
				AE535CE92DEDAF63006059C2 /* Resources */,
			);
			buildRules = (
			);
			dependencies = (
			);
			fileSystemSynchronizedGroups = (
				AE535CEC2DEDAF63006059C2 /* broser_core */,
			);
			name = broser_core;
			packageProductDependencies = (
				AEA5A3CA2DEF8770007F90C3 /* ORSSerial */,
			);
			productName = broser_core;
			productReference = AEC684032DEFD66800A36980 /* broser_core.framework */;
			productType = "com.apple.product-type.framework";
		};
		AE535CF42DEDAF63006059C2 /* broser_coreTests */ = {
			isa = PBXNativeTarget;
			buildConfigurationList = AE535D062DEDAF63006059C2 /* Build configuration list for PBXNativeTarget "broser_coreTests" */;
			buildPhases = (
				AE535CF12DEDAF63006059C2 /* Sources */,
				AE535CF22DEDAF63006059C2 /* Frameworks */,
				AE535CF32DEDAF63006059C2 /* Resources */,
			);
			buildRules = (
			);
			dependencies = (
				AE535CF82DEDAF63006059C2 /* PBXTargetDependency */,
			);
			fileSystemSynchronizedGroups = (
				AE535CFB2DEDAF63006059C2 /* broser_coreTests */,
			);
			name = broser_coreTests;
			packageProductDependencies = (
			);
			productName = broser_coreTests;
			productReference = AEC684042DEFD66800A36980 /* broser_coreTests.xctest */;
			productType = "com.apple.product-type.bundle.unit-test";
		};
		AEA5A3B72DEF815E007F90C3 /* broseriOS */ = {
			isa = PBXNativeTarget;
			buildConfigurationList = AEA5A3C22DEF815E007F90C3 /* Build configuration list for PBXNativeTarget "broseriOS" */;
			buildPhases = (
				AEA5A3B32DEF815E007F90C3 /* Headers */,
				AEA5A3B42DEF815E007F90C3 /* Sources */,
				AEA5A3B52DEF815E007F90C3 /* Frameworks */,
				AEA5A3B62DEF815E007F90C3 /* Resources */,
			);
			buildRules = (
			);
			dependencies = (
			);
			fileSystemSynchronizedGroups = (
				AEA5A3B92DEF815E007F90C3 /* broseriOS */,
			);
			name = broseriOS;
			packageProductDependencies = (
			);
			productName = broseriOS;
			productReference = AEC684052DEFD66800A36980 /* broseriOS.framework */;
			productType = "com.apple.product-type.framework";
		};
		AEC683EA2DEFD65500A36980 /* broser */ = {
			isa = PBXNativeTarget;
			buildConfigurationList = AEC683FA2DEFD65500A36980 /* Build configuration list for PBXNativeTarget "broser" */;
			buildPhases = (
				AEC683E62DEFD65500A36980 /* Headers */,
				AEC683E72DEFD65500A36980 /* Sources */,
				AEC683E82DEFD65500A36980 /* Frameworks */,
				AEC683E92DEFD65500A36980 /* Resources */,
			);
			buildRules = (
			);
			dependencies = (
			);
			fileSystemSynchronizedGroups = (
				AEC683EC2DEFD65500A36980 /* broser */,
			);
			name = broser;
			packageProductDependencies = (
			);
			productName = broser;
			productReference = AEC683EB2DEFD65500A36980 /* broser.framework */;
			productType = "com.apple.product-type.framework";
		};
		AEC683F22DEFD65500A36980 /* broserTests */ = {
			isa = PBXNativeTarget;
			buildConfigurationList = AEC683FD2DEFD65500A36980 /* Build configuration list for PBXNativeTarget "broserTests" */;
			buildPhases = (
				AEC683EF2DEFD65500A36980 /* Sources */,
				AEC683F02DEFD65500A36980 /* Frameworks */,
				AEC683F12DEFD65500A36980 /* Resources */,
			);
			buildRules = (
			);
			dependencies = (
				AEC683F62DEFD65500A36980 /* PBXTargetDependency */,
			);
			fileSystemSynchronizedGroups = (
				AEC683F72DEFD65500A36980 /* broserTests */,
			);
			name = broserTests;
			packageProductDependencies = (
			);
			productName = broserTests;
			productReference = AEC683F32DEFD65500A36980 /* broserTests.xctest */;
			productType = "com.apple.product-type.bundle.unit-test";
		};
/* End PBXNativeTarget section */

/* Begin PBXProject section */
		AE535C7B2DEDADBC006059C2 /* Project object */ = {
			isa = PBXProject;
			attributes = {
				BuildIndependentTargetsInParallel = 1;
				LastSwiftUpdateCheck = 1640;
				LastUpgradeCheck = 1640;
				TargetAttributes = {
					AE535C902DEDADBF006059C2 = {
						CreatedOnToolsVersion = 16.4;
						TestTargetID = AE535C822DEDADBD006059C2;
					};
					AE535C9A2DEDADBF006059C2 = {
						CreatedOnToolsVersion = 16.4;
						TestTargetID = AE535C822DEDADBD006059C2;
					};
					AE535CEA2DEDAF63006059C2 = {
						CreatedOnToolsVersion = 16.4;
					};
					AE535CF42DEDAF63006059C2 = {
						CreatedOnToolsVersion = 16.4;
						TestTargetID = AE535C822DEDADBD006059C2;
					};
					AEA5A3B72DEF815E007F90C3 = {
						CreatedOnToolsVersion = 16.4;
					};
					AEC683EA2DEFD65500A36980 = {
						CreatedOnToolsVersion = 16.4;
					};
					AEC683F22DEFD65500A36980 = {
						CreatedOnToolsVersion = 16.4;
					};
				};
			};
			buildConfigurationList = AE535C7E2DEDADBD006059C2 /* Build configuration list for PBXProject "broser" */;
			developmentRegion = en;
			hasScannedForEncodings = 0;
			knownRegions = (
				en,
				Base,
			);
			mainGroup = AE535C7A2DEDADBC006059C2;
			minimizedProjectReferenceProxies = 1;
			packageReferences = (
				AE535CE52DEDAF01006059C2 /* XCRemoteSwiftPackageReference "ORSSerialPort" */,
			);
			preferredProjectObjectVersion = 77;
			productRefGroup = AE535C842DEDADBD006059C2 /* Products */;
			projectDirPath = "";
			projectRoot = "";
			targets = (
				AE535C902DEDADBF006059C2 /* broserTests */,
				AE535C9A2DEDADBF006059C2 /* broserUITests */,
				AE535CEA2DEDAF63006059C2 /* broser_core */,
				AE535CF42DEDAF63006059C2 /* broser_coreTests */,
				AEA5A3B72DEF815E007F90C3 /* broseriOS */,
				AEC683EA2DEFD65500A36980 /* broser */,
				AEC683F22DEFD65500A36980 /* broserTests */,
			);
		};
/* End PBXProject section */

/* Begin PBXResourcesBuildPhase section */
		AE535C8F2DEDADBF006059C2 /* Resources */ = {
			isa = PBXResourcesBuildPhase;
			buildActionMask = 2147483647;
			files = (
			);
			runOnlyForDeploymentPostprocessing = 0;
		};
		AE535C992DEDADBF006059C2 /* Resources */ = {
			isa = PBXResourcesBuildPhase;
			buildActionMask = 2147483647;
			files = (
			);
			runOnlyForDeploymentPostprocessing = 0;
		};
		AE535CE92DEDAF63006059C2 /* Resources */ = {
			isa = PBXResourcesBuildPhase;
			buildActionMask = 2147483647;
			files = (
			);
			runOnlyForDeploymentPostprocessing = 0;
		};
		AE535CF32DEDAF63006059C2 /* Resources */ = {
			isa = PBXResourcesBuildPhase;
			buildActionMask = 2147483647;
			files = (
			);
			runOnlyForDeploymentPostprocessing = 0;
		};
		AEA5A3B62DEF815E007F90C3 /* Resources */ = {
			isa = PBXResourcesBuildPhase;
			buildActionMask = 2147483647;
			files = (
			);
			runOnlyForDeploymentPostprocessing = 0;
		};
		AEC683E92DEFD65500A36980 /* Resources */ = {
			isa = PBXResourcesBuildPhase;
			buildActionMask = 2147483647;
			files = (
			);
			runOnlyForDeploymentPostprocessing = 0;
		};
		AEC683F12DEFD65500A36980 /* Resources */ = {
			isa = PBXResourcesBuildPhase;
			buildActionMask = 2147483647;
			files = (
			);
			runOnlyForDeploymentPostprocessing = 0;
		};
/* End PBXResourcesBuildPhase section */

/* Begin PBXSourcesBuildPhase section */
		AE535C8D2DEDADBF006059C2 /* Sources */ = {
			isa = PBXSourcesBuildPhase;
			buildActionMask = 2147483647;
			files = (
			);
			runOnlyForDeploymentPostprocessing = 0;
		};
		AE535C972DEDADBF006059C2 /* Sources */ = {
			isa = PBXSourcesBuildPhase;
			buildActionMask = 2147483647;
			files = (
			);
			runOnlyForDeploymentPostprocessing = 0;
		};
		AE535CE72DEDAF63006059C2 /* Sources */ = {
			isa = PBXSourcesBuildPhase;
			buildActionMask = 2147483647;
			files = (
			);
			runOnlyForDeploymentPostprocessing = 0;
		};
		AE535CF12DEDAF63006059C2 /* Sources */ = {
			isa = PBXSourcesBuildPhase;
			buildActionMask = 2147483647;
			files = (
			);
			runOnlyForDeploymentPostprocessing = 0;
		};
		AEA5A3B42DEF815E007F90C3 /* Sources */ = {
			isa = PBXSourcesBuildPhase;
			buildActionMask = 2147483647;
			files = (
			);
			runOnlyForDeploymentPostprocessing = 0;
		};
		AEC683E72DEFD65500A36980 /* Sources */ = {
			isa = PBXSourcesBuildPhase;
			buildActionMask = 2147483647;
			files = (
			);
			runOnlyForDeploymentPostprocessing = 0;
		};
		AEC683EF2DEFD65500A36980 /* Sources */ = {
			isa = PBXSourcesBuildPhase;
			buildActionMask = 2147483647;
			files = (
			);
			runOnlyForDeploymentPostprocessing = 0;
		};
/* End PBXSourcesBuildPhase section */

/* Begin PBXTargetDependency section */
		AE535CF82DEDAF63006059C2 /* PBXTargetDependency */ = {
			isa = PBXTargetDependency;
			target = AE535CEA2DEDAF63006059C2 /* broser_core */;
			targetProxy = AE535CF72DEDAF63006059C2 /* PBXContainerItemProxy */;
		};
		AEC683F62DEFD65500A36980 /* PBXTargetDependency */ = {
			isa = PBXTargetDependency;
			target = AEC683EA2DEFD65500A36980 /* broser */;
			targetProxy = AEC683F52DEFD65500A36980 /* PBXContainerItemProxy */;
		};
/* End PBXTargetDependency section */

/* Begin XCBuildConfiguration section */
		AE535CA32DEDADBF006059C2 /* Debug */ = {
			isa = XCBuildConfiguration;
			buildSettings = {
				ALWAYS_SEARCH_USER_PATHS = NO;
				ASSETCATALOG_COMPILER_GENERATE_SWIFT_ASSET_SYMBOL_EXTENSIONS = YES;
				CLANG_ANALYZER_NONNULL = YES;
				CLANG_ANALYZER_NUMBER_OBJECT_CONVERSION = YES_AGGRESSIVE;
				CLANG_CXX_LANGUAGE_STANDARD = "gnu++20";
				CLANG_ENABLE_MODULES = YES;
				CLANG_ENABLE_OBJC_ARC = YES;
				CLANG_ENABLE_OBJC_WEAK = YES;
				CLANG_WARN_BLOCK_CAPTURE_AUTORELEASING = YES;
				CLANG_WARN_BOOL_CONVERSION = YES;
				CLANG_WARN_COMMA = YES;
				CLANG_WARN_CONSTANT_CONVERSION = YES;
				CLANG_WARN_DEPRECATED_OBJC_IMPLEMENTATIONS = YES;
				CLANG_WARN_DIRECT_OBJC_ISA_USAGE = YES_ERROR;
				CLANG_WARN_DOCUMENTATION_COMMENTS = YES;
				CLANG_WARN_EMPTY_BODY = YES;
				CLANG_WARN_ENUM_CONVERSION = YES;
				CLANG_WARN_INFINITE_RECURSION = YES;
				CLANG_WARN_INT_CONVERSION = YES;
				CLANG_WARN_NON_LITERAL_NULL_CONVERSION = YES;
				CLANG_WARN_OBJC_IMPLICIT_RETAIN_SELF = YES;
				CLANG_WARN_OBJC_LITERAL_CONVERSION = YES;
				CLANG_WARN_OBJC_ROOT_CLASS = YES_ERROR;
				CLANG_WARN_QUOTED_INCLUDE_IN_FRAMEWORK_HEADER = YES;
				CLANG_WARN_RANGE_LOOP_ANALYSIS = YES;
				CLANG_WARN_STRICT_PROTOTYPES = YES;
				CLANG_WARN_SUSPICIOUS_MOVE = YES;
				CLANG_WARN_UNGUARDED_AVAILABILITY = YES_AGGRESSIVE;
				CLANG_WARN_UNREACHABLE_CODE = YES;
				CLANG_WARN__DUPLICATE_METHOD_MATCH = YES;
				COPY_PHASE_STRIP = NO;
				DEBUG_INFORMATION_FORMAT = dwarf;
				ENABLE_STRICT_OBJC_MSGSEND = YES;
				ENABLE_TESTABILITY = YES;
				ENABLE_USER_SCRIPT_SANDBOXING = YES;
				GCC_C_LANGUAGE_STANDARD = gnu17;
				GCC_DYNAMIC_NO_PIC = NO;
				GCC_NO_COMMON_BLOCKS = YES;
				GCC_OPTIMIZATION_LEVEL = 0;
				GCC_PREPROCESSOR_DEFINITIONS = (
					"DEBUG=1",
					"$(inherited)",
				);
				GCC_WARN_64_TO_32_BIT_CONVERSION = YES;
				GCC_WARN_ABOUT_RETURN_TYPE = YES_ERROR;
				GCC_WARN_UNDECLARED_SELECTOR = YES;
				GCC_WARN_UNINITIALIZED_AUTOS = YES_AGGRESSIVE;
				GCC_WARN_UNUSED_FUNCTION = YES;
				GCC_WARN_UNUSED_VARIABLE = YES;
				LOCALIZATION_PREFERS_STRING_CATALOGS = YES;
				MTL_ENABLE_DEBUG_INFO = INCLUDE_SOURCE;
				MTL_FAST_MATH = YES;
				ONLY_ACTIVE_ARCH = YES;
				SWIFT_ACTIVE_COMPILATION_CONDITIONS = "DEBUG $(inherited)";
				SWIFT_OPTIMIZATION_LEVEL = "-Onone";
			};
			name = Debug;
		};
		AE535CA42DEDADBF006059C2 /* Release */ = {
			isa = XCBuildConfiguration;
			buildSettings = {
				ALWAYS_SEARCH_USER_PATHS = NO;
				ASSETCATALOG_COMPILER_GENERATE_SWIFT_ASSET_SYMBOL_EXTENSIONS = YES;
				CLANG_ANALYZER_NONNULL = YES;
				CLANG_ANALYZER_NUMBER_OBJECT_CONVERSION = YES_AGGRESSIVE;
				CLANG_CXX_LANGUAGE_STANDARD = "gnu++20";
				CLANG_ENABLE_MODULES = YES;
				CLANG_ENABLE_OBJC_ARC = YES;
				CLANG_ENABLE_OBJC_WEAK = YES;
				CLANG_WARN_BLOCK_CAPTURE_AUTORELEASING = YES;
				CLANG_WARN_BOOL_CONVERSION = YES;
				CLANG_WARN_COMMA = YES;
				CLANG_WARN_CONSTANT_CONVERSION = YES;
				CLANG_WARN_DEPRECATED_OBJC_IMPLEMENTATIONS = YES;
				CLANG_WARN_DIRECT_OBJC_ISA_USAGE = YES_ERROR;
				CLANG_WARN_DOCUMENTATION_COMMENTS = YES;
				CLANG_WARN_EMPTY_BODY = YES;
				CLANG_WARN_ENUM_CONVERSION = YES;
				CLANG_WARN_INFINITE_RECURSION = YES;
				CLANG_WARN_INT_CONVERSION = YES;
				CLANG_WARN_NON_LITERAL_NULL_CONVERSION = YES;
				CLANG_WARN_OBJC_IMPLICIT_RETAIN_SELF = YES;
				CLANG_WARN_OBJC_LITERAL_CONVERSION = YES;
				CLANG_WARN_OBJC_ROOT_CLASS = YES_ERROR;
				CLANG_WARN_QUOTED_INCLUDE_IN_FRAMEWORK_HEADER = YES;
				CLANG_WARN_RANGE_LOOP_ANALYSIS = YES;
				CLANG_WARN_STRICT_PROTOTYPES = YES;
				CLANG_WARN_SUSPICIOUS_MOVE = YES;
				CLANG_WARN_UNGUARDED_AVAILABILITY = YES_AGGRESSIVE;
				CLANG_WARN_UNREACHABLE_CODE = YES;
				CLANG_WARN__DUPLICATE_METHOD_MATCH = YES;
				COPY_PHASE_STRIP = NO;
				DEBUG_INFORMATION_FORMAT = "dwarf-with-dsym";
				ENABLE_NS_ASSERTIONS = NO;
				ENABLE_STRICT_OBJC_MSGSEND = YES;
				ENABLE_USER_SCRIPT_SANDBOXING = YES;
				GCC_C_LANGUAGE_STANDARD = gnu17;
				GCC_NO_COMMON_BLOCKS = YES;
				GCC_WARN_64_TO_32_BIT_CONVERSION = YES;
				GCC_WARN_ABOUT_RETURN_TYPE = YES_ERROR;
				GCC_WARN_UNDECLARED_SELECTOR = YES;
				GCC_WARN_UNINITIALIZED_AUTOS = YES_AGGRESSIVE;
				GCC_WARN_UNUSED_FUNCTION = YES;
				GCC_WARN_UNUSED_VARIABLE = YES;
				LOCALIZATION_PREFERS_STRING_CATALOGS = YES;
				MTL_ENABLE_DEBUG_INFO = NO;
				MTL_FAST_MATH = YES;
				SWIFT_COMPILATION_MODE = wholemodule;
			};
			name = Release;
		};
		AE535CA92DEDADBF006059C2 /* Debug */ = {
			isa = XCBuildConfiguration;
			buildSettings = {
				BUNDLE_LOADER = "$(TEST_HOST)";
				CODE_SIGN_STYLE = Automatic;
				CURRENT_PROJECT_VERSION = 1;
				GENERATE_INFOPLIST_FILE = YES;
				IPHONEOS_DEPLOYMENT_TARGET = 18.5;
				MACOSX_DEPLOYMENT_TARGET = 15.5;
				MARKETING_VERSION = 1.0;
				PRODUCT_BUNDLE_IDENTIFIER = bgw.broserTests;
				PRODUCT_NAME = "$(TARGET_NAME)";
				SDKROOT = auto;
				SUPPORTED_PLATFORMS = "iphoneos iphonesimulator macosx xros xrsimulator";
				SWIFT_EMIT_LOC_STRINGS = NO;
				SWIFT_VERSION = 5.0;
				TARGETED_DEVICE_FAMILY = "1,2,7";
				TEST_HOST = "$(BUILT_PRODUCTS_DIR)/broser.app/$(BUNDLE_EXECUTABLE_FOLDER_PATH)/broser";
				XROS_DEPLOYMENT_TARGET = 2.5;
			};
			name = Debug;
		};
		AE535CAA2DEDADBF006059C2 /* Release */ = {
			isa = XCBuildConfiguration;
			buildSettings = {
				BUNDLE_LOADER = "$(TEST_HOST)";
				CODE_SIGN_STYLE = Automatic;
				CURRENT_PROJECT_VERSION = 1;
				GENERATE_INFOPLIST_FILE = YES;
				IPHONEOS_DEPLOYMENT_TARGET = 18.5;
				MACOSX_DEPLOYMENT_TARGET = 15.5;
				MARKETING_VERSION = 1.0;
				PRODUCT_BUNDLE_IDENTIFIER = bgw.broserTests;
				PRODUCT_NAME = "$(TARGET_NAME)";
				SDKROOT = auto;
				SUPPORTED_PLATFORMS = "iphoneos iphonesimulator macosx xros xrsimulator";
				SWIFT_EMIT_LOC_STRINGS = NO;
				SWIFT_VERSION = 5.0;
				TARGETED_DEVICE_FAMILY = "1,2,7";
				TEST_HOST = "$(BUILT_PRODUCTS_DIR)/broser.app/$(BUNDLE_EXECUTABLE_FOLDER_PATH)/broser";
				XROS_DEPLOYMENT_TARGET = 2.5;
			};
			name = Release;
		};
		AE535CAC2DEDADBF006059C2 /* Debug */ = {
			isa = XCBuildConfiguration;
			buildSettings = {
				CODE_SIGN_STYLE = Automatic;
				CURRENT_PROJECT_VERSION = 1;
				GENERATE_INFOPLIST_FILE = YES;
				IPHONEOS_DEPLOYMENT_TARGET = 18.5;
				MACOSX_DEPLOYMENT_TARGET = 15.5;
				MARKETING_VERSION = 1.0;
				PRODUCT_BUNDLE_IDENTIFIER = bgw.broserUITests;
				PRODUCT_NAME = "$(TARGET_NAME)";
				SDKROOT = auto;
				SUPPORTED_PLATFORMS = "iphoneos iphonesimulator macosx xros xrsimulator";
				SWIFT_EMIT_LOC_STRINGS = NO;
				SWIFT_VERSION = 5.0;
				TARGETED_DEVICE_FAMILY = "1,2,7";
				TEST_TARGET_NAME = broser;
				XROS_DEPLOYMENT_TARGET = 2.5;
			};
			name = Debug;
		};
		AE535CAD2DEDADBF006059C2 /* Release */ = {
			isa = XCBuildConfiguration;
			buildSettings = {
				CODE_SIGN_STYLE = Automatic;
				CURRENT_PROJECT_VERSION = 1;
				GENERATE_INFOPLIST_FILE = YES;
				IPHONEOS_DEPLOYMENT_TARGET = 18.5;
				MACOSX_DEPLOYMENT_TARGET = 15.5;
				MARKETING_VERSION = 1.0;
				PRODUCT_BUNDLE_IDENTIFIER = bgw.broserUITests;
				PRODUCT_NAME = "$(TARGET_NAME)";
				SDKROOT = auto;
				SUPPORTED_PLATFORMS = "iphoneos iphonesimulator macosx xros xrsimulator";
				SWIFT_EMIT_LOC_STRINGS = NO;
				SWIFT_VERSION = 5.0;
				TARGETED_DEVICE_FAMILY = "1,2,7";
				TEST_TARGET_NAME = broser;
				XROS_DEPLOYMENT_TARGET = 2.5;
			};
			name = Release;
		};
		AE535D032DEDAF63006059C2 /* Debug */ = {
			isa = XCBuildConfiguration;
			buildSettings = {
				BUILD_LIBRARY_FOR_DISTRIBUTION = YES;
				CODE_SIGN_STYLE = Automatic;
				COMBINE_HIDPI_IMAGES = YES;
				CURRENT_PROJECT_VERSION = 1;
				DYLIB_COMPATIBILITY_VERSION = 1;
				DYLIB_CURRENT_VERSION = 1;
				DYLIB_INSTALL_NAME_BASE = "@rpath";
				ENABLE_MODULE_VERIFIER = YES;
				GENERATE_INFOPLIST_FILE = YES;
				INFOPLIST_KEY_NSHumanReadableCopyright = "";
				INSTALL_PATH = "$(LOCAL_LIBRARY_DIR)/Frameworks";
				LD_RUNPATH_SEARCH_PATHS = (
					"$(inherited)",
					"@executable_path/../Frameworks",
					"@loader_path/Frameworks",
				);
				MACOSX_DEPLOYMENT_TARGET = 15.5;
				MARKETING_VERSION = 1.0;
				MODULE_VERIFIER_SUPPORTED_LANGUAGES = "objective-c objective-c++";
				MODULE_VERIFIER_SUPPORTED_LANGUAGE_STANDARDS = "gnu17 gnu++20";
				PRODUCT_BUNDLE_IDENTIFIER = "bgw.broser-core";
				PRODUCT_NAME = "$(TARGET_NAME:c99extidentifier)";
				SDKROOT = macosx;
				SKIP_INSTALL = YES;
				SWIFT_EMIT_LOC_STRINGS = YES;
				SWIFT_INSTALL_MODULE = YES;
				SWIFT_INSTALL_OBJC_HEADER = NO;
				SWIFT_VERSION = 5.0;
				VERSIONING_SYSTEM = "apple-generic";
				VERSION_INFO_PREFIX = "";
			};
			name = Debug;
		};
		AE535D042DEDAF63006059C2 /* Release */ = {
			isa = XCBuildConfiguration;
			buildSettings = {
				BUILD_LIBRARY_FOR_DISTRIBUTION = YES;
				CODE_SIGN_STYLE = Automatic;
				COMBINE_HIDPI_IMAGES = YES;
				CURRENT_PROJECT_VERSION = 1;
				DYLIB_COMPATIBILITY_VERSION = 1;
				DYLIB_CURRENT_VERSION = 1;
				DYLIB_INSTALL_NAME_BASE = "@rpath";
				ENABLE_MODULE_VERIFIER = YES;
				GENERATE_INFOPLIST_FILE = YES;
				INFOPLIST_KEY_NSHumanReadableCopyright = "";
				INSTALL_PATH = "$(LOCAL_LIBRARY_DIR)/Frameworks";
				LD_RUNPATH_SEARCH_PATHS = (
					"$(inherited)",
					"@executable_path/../Frameworks",
					"@loader_path/Frameworks",
				);
				MACOSX_DEPLOYMENT_TARGET = 15.5;
				MARKETING_VERSION = 1.0;
				MODULE_VERIFIER_SUPPORTED_LANGUAGES = "objective-c objective-c++";
				MODULE_VERIFIER_SUPPORTED_LANGUAGE_STANDARDS = "gnu17 gnu++20";
				PRODUCT_BUNDLE_IDENTIFIER = "bgw.broser-core";
				PRODUCT_NAME = "$(TARGET_NAME:c99extidentifier)";
				SDKROOT = macosx;
				SKIP_INSTALL = YES;
				SWIFT_EMIT_LOC_STRINGS = YES;
				SWIFT_INSTALL_MODULE = YES;
				SWIFT_INSTALL_OBJC_HEADER = NO;
				SWIFT_VERSION = 5.0;
				VERSIONING_SYSTEM = "apple-generic";
				VERSION_INFO_PREFIX = "";
			};
			name = Release;
		};
		AE535D072DEDAF63006059C2 /* Debug */ = {
			isa = XCBuildConfiguration;
			buildSettings = {
				CODE_SIGN_STYLE = Automatic;
				CURRENT_PROJECT_VERSION = 1;
				GENERATE_INFOPLIST_FILE = YES;
				MACOSX_DEPLOYMENT_TARGET = 15.5;
				MARKETING_VERSION = 1.0;
				PRODUCT_BUNDLE_IDENTIFIER = "bgw.broser-coreTests";
				PRODUCT_NAME = "$(TARGET_NAME)";
				SDKROOT = macosx;
				SUPPORTED_PLATFORMS = "iphoneos iphonesimulator macosx";
				SUPPORTS_MACCATALYST = NO;
				SWIFT_EMIT_LOC_STRINGS = NO;
				SWIFT_VERSION = 5.0;
				TARGETED_DEVICE_FAMILY = "1,2";
				TEST_HOST = "$(BUILT_PRODUCTS_DIR)/broser.app/$(BUNDLE_EXECUTABLE_FOLDER_PATH)/broser";
			};
			name = Debug;
		};
		AE535D082DEDAF63006059C2 /* Release */ = {
			isa = XCBuildConfiguration;
			buildSettings = {
				CODE_SIGN_STYLE = Automatic;
				CURRENT_PROJECT_VERSION = 1;
				GENERATE_INFOPLIST_FILE = YES;
				MACOSX_DEPLOYMENT_TARGET = 15.5;
				MARKETING_VERSION = 1.0;
				PRODUCT_BUNDLE_IDENTIFIER = "bgw.broser-coreTests";
				PRODUCT_NAME = "$(TARGET_NAME)";
				SDKROOT = macosx;
				SUPPORTED_PLATFORMS = "iphoneos iphonesimulator macosx";
				SUPPORTS_MACCATALYST = NO;
				SWIFT_EMIT_LOC_STRINGS = NO;
				SWIFT_VERSION = 5.0;
				TARGETED_DEVICE_FAMILY = "1,2";
				TEST_HOST = "$(BUILT_PRODUCTS_DIR)/broser.app/$(BUNDLE_EXECUTABLE_FOLDER_PATH)/broser";
			};
			name = Release;
		};
		AEA5A3C32DEF815E007F90C3 /* Debug */ = {
			isa = XCBuildConfiguration;
			buildSettings = {
				BUILD_LIBRARY_FOR_DISTRIBUTION = YES;
				CODE_SIGN_STYLE = Automatic;
				CURRENT_PROJECT_VERSION = 1;
				DYLIB_COMPATIBILITY_VERSION = 1;
				DYLIB_CURRENT_VERSION = 1;
				DYLIB_INSTALL_NAME_BASE = "@rpath";
				ENABLE_MODULE_VERIFIER = YES;
				GENERATE_INFOPLIST_FILE = YES;
				INFOPLIST_KEY_NSHumanReadableCopyright = "";
				INSTALL_PATH = "$(LOCAL_LIBRARY_DIR)/Frameworks";
				IPHONEOS_DEPLOYMENT_TARGET = 18.5;
				LD_RUNPATH_SEARCH_PATHS = (
					"$(inherited)",
					"@executable_path/Frameworks",
					"@loader_path/Frameworks",
				);
				MARKETING_VERSION = 1.0;
				MODULE_VERIFIER_SUPPORTED_LANGUAGES = "objective-c objective-c++";
				MODULE_VERIFIER_SUPPORTED_LANGUAGE_STANDARDS = "gnu17 gnu++20";
				PRODUCT_BUNDLE_IDENTIFIER = bgw.broseriOS;
				PRODUCT_NAME = "$(TARGET_NAME:c99extidentifier)";
				SDKROOT = iphoneos;
				SKIP_INSTALL = YES;
				SWIFT_EMIT_LOC_STRINGS = YES;
				SWIFT_INSTALL_MODULE = YES;
				SWIFT_INSTALL_OBJC_HEADER = NO;
				SWIFT_VERSION = 5.0;
				TARGETED_DEVICE_FAMILY = "1,2";
				VERSIONING_SYSTEM = "apple-generic";
				VERSION_INFO_PREFIX = "";
			};
			name = Debug;
		};
		AEA5A3C42DEF815E007F90C3 /* Release */ = {
			isa = XCBuildConfiguration;
			buildSettings = {
				BUILD_LIBRARY_FOR_DISTRIBUTION = YES;
				CODE_SIGN_STYLE = Automatic;
				CURRENT_PROJECT_VERSION = 1;
				DYLIB_COMPATIBILITY_VERSION = 1;
				DYLIB_CURRENT_VERSION = 1;
				DYLIB_INSTALL_NAME_BASE = "@rpath";
				ENABLE_MODULE_VERIFIER = YES;
				GENERATE_INFOPLIST_FILE = YES;
				INFOPLIST_KEY_NSHumanReadableCopyright = "";
				INSTALL_PATH = "$(LOCAL_LIBRARY_DIR)/Frameworks";
				IPHONEOS_DEPLOYMENT_TARGET = 18.5;
				LD_RUNPATH_SEARCH_PATHS = (
					"$(inherited)",
					"@executable_path/Frameworks",
					"@loader_path/Frameworks",
				);
				MARKETING_VERSION = 1.0;
				MODULE_VERIFIER_SUPPORTED_LANGUAGES = "objective-c objective-c++";
				MODULE_VERIFIER_SUPPORTED_LANGUAGE_STANDARDS = "gnu17 gnu++20";
				PRODUCT_BUNDLE_IDENTIFIER = bgw.broseriOS;
				PRODUCT_NAME = "$(TARGET_NAME:c99extidentifier)";
				SDKROOT = iphoneos;
				SKIP_INSTALL = YES;
				SWIFT_EMIT_LOC_STRINGS = YES;
				SWIFT_INSTALL_MODULE = YES;
				SWIFT_INSTALL_OBJC_HEADER = NO;
				SWIFT_VERSION = 5.0;
				TARGETED_DEVICE_FAMILY = "1,2";
				VALIDATE_PRODUCT = YES;
				VERSIONING_SYSTEM = "apple-generic";
				VERSION_INFO_PREFIX = "";
			};
			name = Release;
		};
		AEC683FB2DEFD65500A36980 /* Debug */ = {
			isa = XCBuildConfiguration;
			buildSettings = {
				ALLOW_TARGET_PLATFORM_SPECIALIZATION = YES;
				BUILD_LIBRARY_FOR_DISTRIBUTION = YES;
				CODE_SIGN_STYLE = Automatic;
				CURRENT_PROJECT_VERSION = 1;
				DYLIB_COMPATIBILITY_VERSION = 1;
				DYLIB_CURRENT_VERSION = 1;
				DYLIB_INSTALL_NAME_BASE = "@rpath";
				ENABLE_MODULE_VERIFIER = YES;
				GENERATE_INFOPLIST_FILE = YES;
				INFOPLIST_KEY_NSHumanReadableCopyright = "";
				INSTALL_PATH = "$(LOCAL_LIBRARY_DIR)/Frameworks";
				IPHONEOS_DEPLOYMENT_TARGET = 18.5;
				LD_RUNPATH_SEARCH_PATHS = (
					"@executable_path/Frameworks",
					"@loader_path/Frameworks",
				);
				"LD_RUNPATH_SEARCH_PATHS[sdk=macosx*]" = (
					"@executable_path/../Frameworks",
					"@loader_path/Frameworks",
				);
				MACOSX_DEPLOYMENT_TARGET = 15.5;
				MARKETING_VERSION = 1.0;
				MODULE_VERIFIER_SUPPORTED_LANGUAGES = "objective-c objective-c++";
				MODULE_VERIFIER_SUPPORTED_LANGUAGE_STANDARDS = "gnu17 gnu++20";
				PRODUCT_BUNDLE_IDENTIFIER = bgw.broser;
				PRODUCT_NAME = "$(TARGET_NAME:c99extidentifier)";
				SDKROOT = auto;
				SKIP_INSTALL = YES;
				SUPPORTED_PLATFORMS = "iphoneos iphonesimulator macosx xros xrsimulator";
				SWIFT_EMIT_LOC_STRINGS = YES;
				SWIFT_INSTALL_MODULE = YES;
				SWIFT_INSTALL_OBJC_HEADER = NO;
				SWIFT_VERSION = 5.0;
				TARGETED_DEVICE_FAMILY = "1,2,7";
				VERSIONING_SYSTEM = "apple-generic";
				VERSION_INFO_PREFIX = "";
				XROS_DEPLOYMENT_TARGET = 2.5;
			};
			name = Debug;
		};
		AEC683FC2DEFD65500A36980 /* Release */ = {
			isa = XCBuildConfiguration;
			buildSettings = {
				ALLOW_TARGET_PLATFORM_SPECIALIZATION = YES;
				BUILD_LIBRARY_FOR_DISTRIBUTION = YES;
				CODE_SIGN_STYLE = Automatic;
				CURRENT_PROJECT_VERSION = 1;
				DYLIB_COMPATIBILITY_VERSION = 1;
				DYLIB_CURRENT_VERSION = 1;
				DYLIB_INSTALL_NAME_BASE = "@rpath";
				ENABLE_MODULE_VERIFIER = YES;
				GENERATE_INFOPLIST_FILE = YES;
				INFOPLIST_KEY_NSHumanReadableCopyright = "";
				INSTALL_PATH = "$(LOCAL_LIBRARY_DIR)/Frameworks";
				IPHONEOS_DEPLOYMENT_TARGET = 18.5;
				LD_RUNPATH_SEARCH_PATHS = (
					"@executable_path/Frameworks",
					"@loader_path/Frameworks",
				);
				"LD_RUNPATH_SEARCH_PATHS[sdk=macosx*]" = (
					"@executable_path/../Frameworks",
					"@loader_path/Frameworks",
				);
				MACOSX_DEPLOYMENT_TARGET = 15.5;
				MARKETING_VERSION = 1.0;
				MODULE_VERIFIER_SUPPORTED_LANGUAGES = "objective-c objective-c++";
				MODULE_VERIFIER_SUPPORTED_LANGUAGE_STANDARDS = "gnu17 gnu++20";
				PRODUCT_BUNDLE_IDENTIFIER = bgw.broser;
				PRODUCT_NAME = "$(TARGET_NAME:c99extidentifier)";
				SDKROOT = auto;
				SKIP_INSTALL = YES;
				SUPPORTED_PLATFORMS = "iphoneos iphonesimulator macosx xros xrsimulator";
				SWIFT_EMIT_LOC_STRINGS = YES;
				SWIFT_INSTALL_MODULE = YES;
				SWIFT_INSTALL_OBJC_HEADER = NO;
				SWIFT_VERSION = 5.0;
				TARGETED_DEVICE_FAMILY = "1,2,7";
				VERSIONING_SYSTEM = "apple-generic";
				VERSION_INFO_PREFIX = "";
				XROS_DEPLOYMENT_TARGET = 2.5;
			};
			name = Release;
		};
		AEC683FE2DEFD65500A36980 /* Debug */ = {
			isa = XCBuildConfiguration;
			buildSettings = {
				ALLOW_TARGET_PLATFORM_SPECIALIZATION = YES;
				CODE_SIGN_STYLE = Automatic;
				CURRENT_PROJECT_VERSION = 1;
				GENERATE_INFOPLIST_FILE = YES;
				IPHONEOS_DEPLOYMENT_TARGET = 18.5;
				MACOSX_DEPLOYMENT_TARGET = 15.5;
				MARKETING_VERSION = 1.0;
				PRODUCT_BUNDLE_IDENTIFIER = bgw.broserTests;
				PRODUCT_NAME = "$(TARGET_NAME)";
				SDKROOT = auto;
				SUPPORTED_PLATFORMS = "iphoneos iphonesimulator macosx xros xrsimulator";
				SWIFT_EMIT_LOC_STRINGS = NO;
				SWIFT_VERSION = 5.0;
				TARGETED_DEVICE_FAMILY = "1,2,7";
				XROS_DEPLOYMENT_TARGET = 2.5;
			};
			name = Debug;
		};
		AEC683FF2DEFD65500A36980 /* Release */ = {
			isa = XCBuildConfiguration;
			buildSettings = {
				ALLOW_TARGET_PLATFORM_SPECIALIZATION = YES;
				CODE_SIGN_STYLE = Automatic;
				CURRENT_PROJECT_VERSION = 1;
				GENERATE_INFOPLIST_FILE = YES;
				IPHONEOS_DEPLOYMENT_TARGET = 18.5;
				MACOSX_DEPLOYMENT_TARGET = 15.5;
				MARKETING_VERSION = 1.0;
				PRODUCT_BUNDLE_IDENTIFIER = bgw.broserTests;
				PRODUCT_NAME = "$(TARGET_NAME)";
				SDKROOT = auto;
				SUPPORTED_PLATFORMS = "iphoneos iphonesimulator macosx xros xrsimulator";
				SWIFT_EMIT_LOC_STRINGS = NO;
				SWIFT_VERSION = 5.0;
				TARGETED_DEVICE_FAMILY = "1,2,7";
				XROS_DEPLOYMENT_TARGET = 2.5;
			};
			name = Release;
		};
/* End XCBuildConfiguration section */

/* Begin XCConfigurationList section */
		AE535C7E2DEDADBD006059C2 /* Build configuration list for PBXProject "broser" */ = {
			isa = XCConfigurationList;
			buildConfigurations = (
				AE535CA32DEDADBF006059C2 /* Debug */,
				AE535CA42DEDADBF006059C2 /* Release */,
			);
			defaultConfigurationIsVisible = 0;
			defaultConfigurationName = Release;
		};
		AE535CA82DEDADBF006059C2 /* Build configuration list for PBXNativeTarget "broserTests" */ = {
			isa = XCConfigurationList;
			buildConfigurations = (
				AE535CA92DEDADBF006059C2 /* Debug */,
				AE535CAA2DEDADBF006059C2 /* Release */,
			);
			defaultConfigurationIsVisible = 0;
			defaultConfigurationName = Release;
		};
		AE535CAB2DEDADBF006059C2 /* Build configuration list for PBXNativeTarget "broserUITests" */ = {
			isa = XCConfigurationList;
			buildConfigurations = (
				AE535CAC2DEDADBF006059C2 /* Debug */,
				AE535CAD2DEDADBF006059C2 /* Release */,
			);
			defaultConfigurationIsVisible = 0;
			defaultConfigurationName = Release;
		};
		AE535D022DEDAF63006059C2 /* Build configuration list for PBXNativeTarget "broser_core" */ = {
			isa = XCConfigurationList;
			buildConfigurations = (
				AE535D032DEDAF63006059C2 /* Debug */,
				AE535D042DEDAF63006059C2 /* Release */,
			);
			defaultConfigurationIsVisible = 0;
			defaultConfigurationName = Release;
		};
		AE535D062DEDAF63006059C2 /* Build configuration list for PBXNativeTarget "broser_coreTests" */ = {
			isa = XCConfigurationList;
			buildConfigurations = (
				AE535D072DEDAF63006059C2 /* Debug */,
				AE535D082DEDAF63006059C2 /* Release */,
			);
			defaultConfigurationIsVisible = 0;
			defaultConfigurationName = Release;
		};
		AEA5A3C22DEF815E007F90C3 /* Build configuration list for PBXNativeTarget "broseriOS" */ = {
			isa = XCConfigurationList;
			buildConfigurations = (
				AEA5A3C32DEF815E007F90C3 /* Debug */,
				AEA5A3C42DEF815E007F90C3 /* Release */,
			);
			defaultConfigurationIsVisible = 0;
			defaultConfigurationName = Release;
		};
		AEC683FA2DEFD65500A36980 /* Build configuration list for PBXNativeTarget "broser" */ = {
			isa = XCConfigurationList;
			buildConfigurations = (
				AEC683FB2DEFD65500A36980 /* Debug */,
				AEC683FC2DEFD65500A36980 /* Release */,
			);
			defaultConfigurationIsVisible = 0;
			defaultConfigurationName = Release;
		};
		AEC683FD2DEFD65500A36980 /* Build configuration list for PBXNativeTarget "broserTests" */ = {
			isa = XCConfigurationList;
			buildConfigurations = (
				AEC683FE2DEFD65500A36980 /* Debug */,
				AEC683FF2DEFD65500A36980 /* Release */,
			);
			defaultConfigurationIsVisible = 0;
			defaultConfigurationName = Release;
		};
/* End XCConfigurationList section */

/* Begin XCRemoteSwiftPackageReference section */
		AE535CE52DEDAF01006059C2 /* XCRemoteSwiftPackageReference "ORSSerialPort" */ = {
			isa = XCRemoteSwiftPackageReference;
			repositoryURL = "https://github.com/armadsen/ORSSerialPort.git";
			requirement = {
				kind = upToNextMajorVersion;
				minimumVersion = 2.1.0;
			};
		};
/* End XCRemoteSwiftPackageReference section */

/* Begin XCSwiftPackageProductDependency section */
		AEA5A3CA2DEF8770007F90C3 /* ORSSerial */ = {
			isa = XCSwiftPackageProductDependency;
			package = AE535CE52DEDAF01006059C2 /* XCRemoteSwiftPackageReference "ORSSerialPort" */;
			productName = ORSSerial;
		};
/* End XCSwiftPackageProductDependency section */
	};
	rootObject = AE535C7B2DEDADBC006059C2 /* Project object */;
}
